// !$*UTF8*$!
{
	archiveVersion = 1;
	classes = {
	};
	objectVersion = 46;
	objects = {

/* Begin PBXBuildFile section */
		D204388A1E07348D00CB09F1 /* AppDelegate.swift in Sources */ = {isa = PBXBuildFile; fileRef = D20438891E07348D00CB09F1 /* AppDelegate.swift */; };
		D204388C1E07348D00CB09F1 /* ViewController.swift in Sources */ = {isa = PBXBuildFile; fileRef = D204388B1E07348D00CB09F1 /* ViewController.swift */; };
		D204388F1E07348D00CB09F1 /* Main.storyboard in Resources */ = {isa = PBXBuildFile; fileRef = D204388D1E07348D00CB09F1 /* Main.storyboard */; };
		D20438911E07348D00CB09F1 /* Assets.xcassets in Resources */ = {isa = PBXBuildFile; fileRef = D20438901E07348D00CB09F1 /* Assets.xcassets */; };
		D20438941E07348D00CB09F1 /* LaunchScreen.storyboard in Resources */ = {isa = PBXBuildFile; fileRef = D20438921E07348D00CB09F1 /* LaunchScreen.storyboard */; };
/* End PBXBuildFile section */

/* Begin PBXFileReference section */
		D20438861E07348D00CB09F1 /* Swift_App_test_0.1.app */ = {isa = PBXFileReference; explicitFileType = wrapper.application; includeInIndex = 0; path = Swift_App_test_0.1.app; sourceTree = BUILT_PRODUCTS_DIR; };
		D20438891E07348D00CB09F1 /* AppDelegate.swift */ = {isa = PBXFileReference; lastKnownFileType = sourcecode.swift; path = AppDelegate.swift; sourceTree = "<group>"; };
		D204388B1E07348D00CB09F1 /* ViewController.swift */ = {isa = PBXFileReference; lastKnownFileType = sourcecode.swift; path = ViewController.swift; sourceTree = "<group>"; };
		D204388E1E07348D00CB09F1 /* Base */ = {isa = PBXFileReference; lastKnownFileType = file.storyboard; name = Base; path = Base.lproj/Main.storyboard; sourceTree = "<group>"; };
		D20438901E07348D00CB09F1 /* Assets.xcassets */ = {isa = PBXFileReference; lastKnownFileType = folder.assetcatalog; path = Assets.xcassets; sourceTree = "<group>"; };
		D20438931E07348D00CB09F1 /* Base */ = {isa = PBXFileReference; lastKnownFileType = file.storyboard; name = Base; path = Base.lproj/LaunchScreen.storyboard; sourceTree = "<group>"; };
		D20438951E07348D00CB09F1 /* Info.plist */ = {isa = PBXFileReference; lastKnownFileType = text.plist.xml; path = Info.plist; sourceTree = "<group>"; };
/* End PBXFileReference section */

/* Begin PBXFrameworksBuildPhase section */
		D20438831E07348C00CB09F1 /* Frameworks */ = {
			isa = PBXFrameworksBuildPhase;
			buildActionMask = 2147483647;
			files = (
			);
			runOnlyForDeploymentPostprocessing = 0;
		};
/* End PBXFrameworksBuildPhase section */

/* Begin PBXGroup section */
		D204387D1E07348C00CB09F1 = {
			isa = PBXGroup;
			children = (
				D20438881E07348D00CB09F1 /* Swift_App_test_0.1 */,
				D20438871E07348D00CB09F1 /* Products */,
			);
			sourceTree = "<group>";
		};
		D20438871E07348D00CB09F1 /* Products */ = {
			isa = PBXGroup;
			children = (
				D20438861E07348D00CB09F1 /* Swift_App_test_0.1.app */,
			);
			name = Products;
			sourceTree = "<group>";
		};
		D20438881E07348D00CB09F1 /* Swift_App_test_0.1 */ = {
			isa = PBXGroup;
			children = (
				D20438891E07348D00CB09F1 /* AppDelegate.swift */,
				D204388B1E07348D00CB09F1 /* ViewController.swift */,
				D204388D1E07348D00CB09F1 /* Main.storyboard */,
				D20438901E07348D00CB09F1 /* Assets.xcassets */,
				D20438921E07348D00CB09F1 /* LaunchScreen.storyboard */,
				D20438951E07348D00CB09F1 /* Info.plist */,
			);
			path = Swift_App_test_0.1;
			sourceTree = "<group>";
		};
/* End PBXGroup section */

/* Begin PBXNativeTarget section */
		D20438851E07348C00CB09F1 /* Swift_App_test_0.1 */ = {
			isa = PBXNativeTarget;
			buildConfigurationList = D20438981E07348D00CB09F1 /* Build configuration list for PBXNativeTarget "Swift_App_test_0.1" */;
			buildPhases = (
				D20438821E07348C00CB09F1 /* Sources */,
				D20438831E07348C00CB09F1 /* Frameworks */,
				D20438841E07348C00CB09F1 /* Resources */,
			);
			buildRules = (
			);
			dependencies = (
			);
			name = Swift_App_test_0.1;
			productName = Swift_App_test_0.1;
			productReference = D20438861E07348D00CB09F1 /* Swift_App_test_0.1.app */;
			productType = "com.apple.product-type.application";
		};
/* End PBXNativeTarget section */

/* Begin PBXProject section */
		D204387E1E07348C00CB09F1 /* Project object */ = {
			isa = PBXProject;
			attributes = {
				LastSwiftUpdateCheck = 0820;
				LastUpgradeCheck = 0820;
				ORGANIZATIONNAME = "Jens Kühnapfel";
				TargetAttributes = {
					D20438851E07348C00CB09F1 = {
						CreatedOnToolsVersion = 8.2;
						ProvisioningStyle = Automatic;
					};
				};
			};
			buildConfigurationList = D20438811E07348C00CB09F1 /* Build configuration list for PBXProject "Swift_App_test_0.1" */;
			compatibilityVersion = "Xcode 3.2";
			developmentRegion = English;
			hasScannedForEncodings = 0;
			knownRegions = (
				en,
				Base,
			);
			mainGroup = D204387D1E07348C00CB09F1;
			productRefGroup = D20438871E07348D00CB09F1 /* Products */;
			projectDirPath = "";
			projectRoot = "";
			targets = (
				D20438851E07348C00CB09F1 /* Swift_App_test_0.1 */,
			);
		};
/* End PBXProject section */

/* Begin PBXResourcesBuildPhase section */
		D20438841E07348C00CB09F1 /* Resources */ = {
			isa = PBXResourcesBuildPhase;
			buildActionMask = 2147483647;
			files = (
				D20438941E07348D00CB09F1 /* LaunchScreen.storyboard in Resources */,
				D20438911E07348D00CB09F1 /* Assets.xcassets in Resources */,
				D204388F1E07348D00CB09F1 /* Main.storyboard in Resources */,
			);
			runOnlyForDeploymentPostprocessing = 0;
		};
/* End PBXResourcesBuildPhase section */

/* Begin PBXSourcesBuildPhase section */
		D20438821E07348C00CB09F1 /* Sources */ = {
			isa = PBXSourcesBuildPhase;
			buildActionMask = 2147483647;
			files = (
				D204388C1E07348D00CB09F1 /* ViewController.swift in Sources */,
				D204388A1E07348D00CB09F1 /* AppDelegate.swift in Sources */,
			);
			runOnlyForDeploymentPostprocessing = 0;
		};
/* End PBXSourcesBuildPhase section */

/* Begin PBXVariantGroup section */
		D204388D1E07348D00CB09F1 /* Main.storyboard */ = {
			isa = PBXVariantGroup;
			children = (
				D204388E1E07348D00CB09F1 /* Base */,
			);
			name = Main.storyboard;
			sourceTree = "<group>";
		};
		D20438921E07348D00CB09F1 /* LaunchScreen.storyboard */ = {
			isa = PBXVariantGroup;
			children = (
				D20438931E07348D00CB09F1 /* Base */,
			);
			name = LaunchScreen.storyboard;
			sourceTree = "<group>";
		};
/* End PBXVariantGroup section */

/* Begin XCBuildConfiguration section */
		D20438961E07348D00CB09F1 /* Debug */ = {
			isa = XCBuildConfiguration;
			buildSettings = {
				ALWAYS_SEARCH_USER_PATHS = NO;
				CLANG_ANALYZER_NONNULL = YES;
				CLANG_CXX_LANGUAGE_STANDARD = "gnu++0x";
				CLANG_CXX_LIBRARY = "libc++";
				CLANG_ENABLE_MODULES = YES;
				CLANG_ENABLE_OBJC_ARC = YES;
				CLANG_WARN_BOOL_CONVERSION = YES;
				CLANG_WARN_CONSTANT_CONVERSION = YES;
				CLANG_WARN_DIRECT_OBJC_ISA_USAGE = YES_ERROR;
				CLANG_WARN_DOCUMENTATION_COMMENTS = YES;
				CLANG_WARN_EMPTY_BODY = YES;
				CLANG_WARN_ENUM_CONVERSION = YES;
				CLANG_WARN_INFINITE_RECURSION = YES;
				CLANG_WARN_INT_CONVERSION = YES;
				CLANG_WARN_OBJC_ROOT_CLASS = YES_ERROR;
				CLANG_WARN_SUSPICIOUS_MOVE = YES;
				CLANG_WARN_UNREACHABLE_CODE = YES;
				CLANG_WARN__DUPLICATE_METHOD_MATCH = YES;
				"CODE_SIGN_IDENTITY[sdk=iphoneos*]" = "iPhone Developer";
				COPY_PHASE_STRIP = NO;
				DEBUG_INFORMATION_FORMAT = dwarf;
				ENABLE_STRICT_OBJC_MSGSEND = YES;
				ENABLE_TESTABILITY = YES;
				GCC_C_LANGUAGE_STANDARD = gnu99;
				GCC_DYNAMIC_NO_PIC = NO;
				GCC_NO_COMMON_BLOCKS = YES;
				GCC_OPTIMIZATION_LEVEL = 0;
				GCC_PREPROCESSOR_DEFINITIONS = (
					"DEBUG=1",
					"$(inherited)",
				);
				GCC_WARN_64_TO_32_BIT_CONVERSION = YES;
				GCC_WARN_ABOUT_RETURN_TYPE = YES_ERROR;
				GCC_WARN_UNDECLARED_SELECTOR = YES;
				GCC_WARN_UNINITIALIZED_AUTOS = YES_AGGRESSIVE;
				GCC_WARN_UNUSED_FUNCTION = YES;
				GCC_WARN_UNUSED_VARIABLE = YES;
				IPHONEOS_DEPLOYMENT_TARGET = 10.2;
				MTL_ENABLE_DEBUG_INFO = YES;
				ONLY_ACTIVE_ARCH = YES;
				SDKROOT = iphoneos;
				SWIFT_ACTIVE_COMPILATION_CONDITIONS = DEBUG;
				SWIFT_OPTIMIZATION_LEVEL = "-Onone";
				TARGETED_DEVICE_FAMILY = "1,2";
			};
			name = Debug;
		};
		D20438971E07348D00CB09F1 /* Release */ = {
			isa = XCBuildConfiguration;
			buildSettings = {
				ALWAYS_SEARCH_USER_PATHS = NO;
				CLANG_ANALYZER_NONNULL = YES;
				CLANG_CXX_LANGUAGE_STANDARD = "gnu++0x";
				CLANG_CXX_LIBRARY = "libc++";
				CLANG_ENABLE_MODULES = YES;
				CLANG_ENABLE_OBJC_ARC = YES;
				CLANG_WARN_BOOL_CONVERSION = YES;
				CLANG_WARN_CONSTANT_CONVERSION = YES;
				CLANG_WARN_DIRECT_OBJC_ISA_USAGE = YES_ERROR;
				CLANG_WARN_DOCUMENTATION_COMMENTS = YES;
				CLANG_WARN_EMPTY_BODY = YES;
				CLANG_WARN_ENUM_CONVERSION = YES;
				CLANG_WARN_INFINITE_RECURSION = YES;
				CLANG_WARN_INT_CONVERSION = YES;
				CLANG_WARN_OBJC_ROOT_CLASS = YES_ERROR;
				CLANG_WARN_SUSPICIOUS_MOVE = YES;
				CLANG_WARN_UNREACHABLE_CODE = YES;
				CLANG_WARN__DUPLICATE_METHOD_MATCH = YES;
				"CODE_SIGN_IDENTITY[sdk=iphoneos*]" = "iPhone Developer";
				COPY_PHASE_STRIP = NO;
				DEBUG_INFORMATION_FORMAT = "dwarf-with-dsym";
				ENABLE_NS_ASSERTIONS = NO;
				ENABLE_STRICT_OBJC_MSGSEND = YES;
				GCC_C_LANGUAGE_STANDARD = gnu99;
				GCC_NO_COMMON_BLOCKS = YES;
				GCC_WARN_64_TO_32_BIT_CONVERSION = YES;
				GCC_WARN_ABOUT_RETURN_TYPE = YES_ERROR;
				GCC_WARN_UNDECLARED_SELECTOR = YES;
				GCC_WARN_UNINITIALIZED_AUTOS = YES_AGGRESSIVE;
				GCC_WARN_UNUSED_FUNCTION = YES;
				GCC_WARN_UNUSED_VARIABLE = YES;
				IPHONEOS_DEPLOYMENT_TARGET = 10.2;
				MTL_ENABLE_DEBUG_INFO = NO;
				SDKROOT = iphoneos;
				SWIFT_OPTIMIZATION_LEVEL = "-Owholemodule";
				TARGETED_DEVICE_FAMILY = "1,2";
				VALIDATE_PRODUCT = YES;
			};
			name = Release;
		};
		D20438991E07348D00CB09F1 /* Debug */ = {
			isa = XCBuildConfiguration;
			buildSettings = {
				ASSETCATALOG_COMPILER_APPICON_NAME = AppIcon;
				INFOPLIST_FILE = Swift_App_test_0.1/Info.plist;
				LD_RUNPATH_SEARCH_PATHS = "$(inherited) @executable_path/Frameworks";
				PRODUCT_BUNDLE_IDENTIFIER = "Jens.Swift-App-test-0-1";
				PRODUCT_NAME = "$(TARGET_NAME)";
				SWIFT_VERSION = 3.0;
			};
			name = Debug;
		};
		D204389A1E07348D00CB09F1 /* Release */ = {
			isa = XCBuildConfiguration;
			buildSettings = {
				ASSETCATALOG_COMPILER_APPICON_NAME = AppIcon;
				INFOPLIST_FILE = Swift_App_test_0.1/Info.plist;
				LD_RUNPATH_SEARCH_PATHS = "$(inherited) @executable_path/Frameworks";
				PRODUCT_BUNDLE_IDENTIFIER = "Jens.Swift-App-test-0-1";
				PRODUCT_NAME = "$(TARGET_NAME)";
				SWIFT_VERSION = 3.0;
			};
			name = Release;
		};
/* End XCBuildConfiguration section */

/* Begin XCConfigurationList section */
		D20438811E07348C00CB09F1 /* Build configuration list for PBXProject "Swift_App_test_0.1" */ = {
			isa = XCConfigurationList;
			buildConfigurations = (
				D20438961E07348D00CB09F1 /* Debug */,
				D20438971E07348D00CB09F1 /* Release */,
			);
			defaultConfigurationIsVisible = 0;
			defaultConfigurationName = Release;
		};
		D20438981E07348D00CB09F1 /* Build configuration list for PBXNativeTarget "Swift_App_test_0.1" */ = {
			isa = XCConfigurationList;
			buildConfigurations = (
				D20438991E07348D00CB09F1 /* Debug */,
				D204389A1E07348D00CB09F1 /* Release */,
			);
			defaultConfigurationIsVisible = 0;
		};
/* End XCConfigurationList section */
	};
	rootObject = D204387E1E07348C00CB09F1 /* Project object */;
}
